github.com/Flaise/playwav v0.0.0-20220813152344-df3fd10422ae h1:FBrTI4U7ATqtPoCslJSwY/jeTjGaBvgkusTjrc4ZBeM=
github.com/Flaise/playwav v0.0.0-20220813152344-df3fd10422ae/go.mod h1:K7C4R/++KWp1L4tE8ct3YPPnopUD6vQiXxcIr6DE0UQ=
github.com/cheekybits/is v0.0.0-20150225183255-68e9c0620927 h1:SKI1/fuSdodxmNNyVBR8d7X/HuLnRpvvFO0AgyQk764=
github.com/cocoonlife/goalsa v0.0.0-20211008122401-47ec570866e3 h1:cwdUf09+PD5/hle/jb9WHISSCLzQweiUc0sPxfrA6UE=
github.com/cocoonlife/goalsa v0.0.0-20211008122401-47ec570866e3/go.mod h1:5aLO409bJnd+jCw0t/SB/DhHkVBhPAE31lnHJnYQxy0=
github.com/cocoonlife/testify v0.0.0-20160218172820-792cc1faeb64 h1:LjPYdzoFSAJ5Tr/ElL8kzTJghXgpnOjJVbgd1UvZB1o=
github.com/cryptix/wav v0.0.0-20180415113528-8bdace674401 h1:rZ+OHHkwlkYALTEd6AYXSL92K/SEc4fkz+TfweIwu6A=
github.com/cryptix/wav v0.0.0-20180415113528-8bdace674401/go.mod h1:knK8fd+KPlGGqSUWogv1DQzGTwnfUvAi0cIoWyOG7+U=
github.com/davecgh/go-spew v1.1.1 h1:vj9j/u1bqnvCEfJOwUhtlOARqs3+rkHYY13jYWTU97c=
github.com/go-co-op/gocron v1.16.2 h1:p9ghzsN5PqqPyWXYDO2JlvD1DOUNT8pPSyGYC62XBcY=
github.com/go-co-op/gocron v1.16.2/go.mod h1:W/N9G7bntRo5fVQlmjncvqSt74jxCxHfjyHlgcB33T8=
github.com/pmezard/go-difflib v1.0.0 h1:4DBwDE0NGyQoBHbLQYPwSUPoCMWR5BEzIk/f1lZbAQM=
github.com/robfig/cron/v3 v3.0.1 h1:WdRxkvbJztn8LMz/QEvLN5sBU+xKpSqwwUO1Pjr4qDs=
github.com/robfig/cron/v3 v3.0.1/go.mod h1:eQICP3HwyT7UooqI/z+Ov+PtYAWygg1TEWWzGIFLtro=
github.com/stretchr/testify v1.8.0 h1:pSgiaMZlXftHpm5L7V1+rVB+AZJydKsMxsQBIJw4PKk=
golang.org/x/sync v0.0.0-20210220032951-036812b2e83c h1:5KslGYwFpkhGh+Q16bwMP3cOontH8FOep7tGV86Y7SQ=
golang.org/x/sync v0.0.0-20210220032951-036812b2e83c/go.mod h1:RxMgew5VJxzue5/jJTE5uejpjVlOe/izrB70Jof72aM=
gopkg.in/yaml.v3 v3.0.1 h1:fxVm/GzAzEWqLHuvctI91KS9hhNmmWOoWu0XTYJS7CA=
